
Microsoft Visual Studio Solution File, Format Version 12.00
# Visual Studio 15
VisualStudioVersion = 15.0.28010.2048
MinimumVisualStudioVersion = 10.0.40219.1
Project("{FAE04EC0-301F-11D3-BF4B-00C04F79EFBC}") = "AgileGameWebApp", "AgileGameWebApp\AgileGameWebApp.csproj", "{0EEF6A17-1669-4690-BA75-36591C935190}"
EndProject
Project("{FAE04EC0-301F-11D3-BF4B-00C04F79EFBC}") = "AgileGameWebApp.Tests", "AgileGameWebApp.Tests\AgileGameWebApp.Tests.csproj", "{F9F944E1-AF76-47D1-8D44-EA4FADA3B2A2}"
EndProject
Global
	GlobalSection(SolutionConfigurationPlatforms) = preSolution
		Debug|Any CPU = Debug|Any CPU
		Release|Any CPU = Release|Any CPU
	EndGlobalSection
	GlobalSection(ProjectConfigurationPlatforms) = postSolution
		{0EEF6A17-1669-4690-BA75-36591C935190}.Debug|Any CPU.ActiveCfg = Debug|Any CPU
		{0EEF6A17-1669-4690-BA75-36591C935190}.Debug|Any CPU.Build.0 = Debug|Any CPU
		{0EEF6A17-1669-4690-BA75-36591C935190}.Release|Any CPU.ActiveCfg = Release|Any CPU
		{0EEF6A17-1669-4690-BA75-36591C935190}.Release|Any CPU.Build.0 = Release|Any CPU
		{F9F944E1-AF76-47D1-8D44-EA4FADA3B2A2}.Debug|Any CPU.ActiveCfg = Debug|Any CPU
		{F9F944E1-AF76-47D1-8D44-EA4FADA3B2A2}.Debug|Any CPU.Build.0 = Debug|Any CPU
		{F9F944E1-AF76-47D1-8D44-EA4FADA3B2A2}.Release|Any CPU.ActiveCfg = Release|Any CPU
		{F9F944E1-AF76-47D1-8D44-EA4FADA3B2A2}.Release|Any CPU.Build.0 = Release|Any CPU
	EndGlobalSection
	GlobalSection(SolutionProperties) = preSolution
		HideSolutionNode = FALSE
	EndGlobalSection
	GlobalSection(ExtensibilityGlobals) = postSolution
		SolutionGuid = {C578F8B0-2D26-4E16-98B2-F56F5B2D4E7E}
	EndGlobalSection
EndGlobal
